// !$*UTF8*$!
{
	archiveVersion = 1;
	classes = {
	};
	objectVersion = 46;
	objects = {

/* Begin PBXBuildFile section */
		CA69DB9F1EE99251007A3B5A /* AppDelegate.swift in Sources */ = {isa = PBXBuildFile; fileRef = CA69DB9E1EE99251007A3B5A /* AppDelegate.swift */; };
		CA69DBA41EE99251007A3B5A /* Main.storyboard in Resources */ = {isa = PBXBuildFile; fileRef = CA69DBA21EE99251007A3B5A /* Main.storyboard */; };
		CA69DBA61EE99251007A3B5A /* Assets.xcassets in Resources */ = {isa = PBXBuildFile; fileRef = CA69DBA51EE99251007A3B5A /* Assets.xcassets */; };
		CA69DBA91EE99251007A3B5A /* LaunchScreen.storyboard in Resources */ = {isa = PBXBuildFile; fileRef = CA69DBA71EE99251007A3B5A /* LaunchScreen.storyboard */; };
		CA69DBB41EE99251007A3B5A /* TacoPOPTests.swift in Sources */ = {isa = PBXBuildFile; fileRef = CA69DBB31EE99251007A3B5A /* TacoPOPTests.swift */; };
		CA69DBC51EE99316007A3B5A /* MainVC.swift in Sources */ = {isa = PBXBuildFile; fileRef = CA69DBC41EE99316007A3B5A /* MainVC.swift */; };
		CA69DBC71EE993D1007A3B5A /* TacoPOPData.csv in Resources */ = {isa = PBXBuildFile; fileRef = CA69DBC61EE993D1007A3B5A /* TacoPOPData.csv */; };
		CA69DBC91EE994E4007A3B5A /* DropShadow.swift in Sources */ = {isa = PBXBuildFile; fileRef = CA69DBC81EE994E4007A3B5A /* DropShadow.swift */; };
		CA69DBCB1EE995E2007A3B5A /* HeaderView.swift in Sources */ = {isa = PBXBuildFile; fileRef = CA69DBCA1EE995E2007A3B5A /* HeaderView.swift */; };
		CA69DBCD1EE9979F007A3B5A /* Taco.swift in Sources */ = {isa = PBXBuildFile; fileRef = CA69DBCC1EE9979F007A3B5A /* Taco.swift */; };
		CA69DBCF1EEAA2C3007A3B5A /* DataService.swift in Sources */ = {isa = PBXBuildFile; fileRef = CA69DBCE1EEAA2C3007A3B5A /* DataService.swift */; };
		CA69DBD21EEAA5F1007A3B5A /* TacoCell.swift in Sources */ = {isa = PBXBuildFile; fileRef = CA69DBD01EEAA5F1007A3B5A /* TacoCell.swift */; };
		CA69DBD31EEAA5F1007A3B5A /* TacoCell.xib in Resources */ = {isa = PBXBuildFile; fileRef = CA69DBD11EEAA5F1007A3B5A /* TacoCell.xib */; };
		CA69DBD51EEAABDE007A3B5A /* ReusableView.swift in Sources */ = {isa = PBXBuildFile; fileRef = CA69DBD41EEAABDE007A3B5A /* ReusableView.swift */; };
		CA69DBD71EEAAC87007A3B5A /* NibLoadableView.swift in Sources */ = {isa = PBXBuildFile; fileRef = CA69DBD61EEAAC87007A3B5A /* NibLoadableView.swift */; };
		CA69DBD91EEAACF3007A3B5A /* UICollectionViewPlusExt.swift in Sources */ = {isa = PBXBuildFile; fileRef = CA69DBD81EEAACF3007A3B5A /* UICollectionViewPlusExt.swift */; };
/* End PBXBuildFile section */

/* Begin PBXContainerItemProxy section */
		CA69DBB01EE99251007A3B5A /* PBXContainerItemProxy */ = {
			isa = PBXContainerItemProxy;
			containerPortal = CA69DB931EE99251007A3B5A /* Project object */;
			proxyType = 1;
			remoteGlobalIDString = CA69DB9A1EE99251007A3B5A;
			remoteInfo = TacoPOP;
		};
/* End PBXContainerItemProxy section */

/* Begin PBXFileReference section */
		CA69DB9B1EE99251007A3B5A /* TacoPOP.app */ = {isa = PBXFileReference; explicitFileType = wrapper.application; includeInIndex = 0; path = TacoPOP.app; sourceTree = BUILT_PRODUCTS_DIR; };
		CA69DB9E1EE99251007A3B5A /* AppDelegate.swift */ = {isa = PBXFileReference; lastKnownFileType = sourcecode.swift; path = AppDelegate.swift; sourceTree = "<group>"; };
		CA69DBA31EE99251007A3B5A /* Base */ = {isa = PBXFileReference; lastKnownFileType = file.storyboard; name = Base; path = Base.lproj/Main.storyboard; sourceTree = "<group>"; };
		CA69DBA51EE99251007A3B5A /* Assets.xcassets */ = {isa = PBXFileReference; lastKnownFileType = folder.assetcatalog; path = Assets.xcassets; sourceTree = "<group>"; };
		CA69DBA81EE99251007A3B5A /* Base */ = {isa = PBXFileReference; lastKnownFileType = file.storyboard; name = Base; path = Base.lproj/LaunchScreen.storyboard; sourceTree = "<group>"; };
		CA69DBAA1EE99251007A3B5A /* Info.plist */ = {isa = PBXFileReference; lastKnownFileType = text.plist.xml; path = Info.plist; sourceTree = "<group>"; };
		CA69DBAF1EE99251007A3B5A /* TacoPOPTests.xctest */ = {isa = PBXFileReference; explicitFileType = wrapper.cfbundle; includeInIndex = 0; path = TacoPOPTests.xctest; sourceTree = BUILT_PRODUCTS_DIR; };
		CA69DBB31EE99251007A3B5A /* TacoPOPTests.swift */ = {isa = PBXFileReference; lastKnownFileType = sourcecode.swift; path = TacoPOPTests.swift; sourceTree = "<group>"; };
		CA69DBB51EE99251007A3B5A /* Info.plist */ = {isa = PBXFileReference; lastKnownFileType = text.plist.xml; path = Info.plist; sourceTree = "<group>"; };
		CA69DBC41EE99316007A3B5A /* MainVC.swift */ = {isa = PBXFileReference; fileEncoding = 4; lastKnownFileType = sourcecode.swift; path = MainVC.swift; sourceTree = "<group>"; };
		CA69DBC61EE993D1007A3B5A /* TacoPOPData.csv */ = {isa = PBXFileReference; fileEncoding = 4; lastKnownFileType = text; path = TacoPOPData.csv; sourceTree = "<group>"; };
		CA69DBC81EE994E4007A3B5A /* DropShadow.swift */ = {isa = PBXFileReference; fileEncoding = 4; lastKnownFileType = sourcecode.swift; path = DropShadow.swift; sourceTree = "<group>"; };
		CA69DBCA1EE995E2007A3B5A /* HeaderView.swift */ = {isa = PBXFileReference; fileEncoding = 4; lastKnownFileType = sourcecode.swift; path = HeaderView.swift; sourceTree = "<group>"; };
		CA69DBCC1EE9979F007A3B5A /* Taco.swift */ = {isa = PBXFileReference; fileEncoding = 4; lastKnownFileType = sourcecode.swift; path = Taco.swift; sourceTree = "<group>"; };
		CA69DBCE1EEAA2C3007A3B5A /* DataService.swift */ = {isa = PBXFileReference; fileEncoding = 4; lastKnownFileType = sourcecode.swift; path = DataService.swift; sourceTree = "<group>"; };
		CA69DBD01EEAA5F1007A3B5A /* TacoCell.swift */ = {isa = PBXFileReference; fileEncoding = 4; lastKnownFileType = sourcecode.swift; path = TacoCell.swift; sourceTree = "<group>"; };
		CA69DBD11EEAA5F1007A3B5A /* TacoCell.xib */ = {isa = PBXFileReference; fileEncoding = 4; lastKnownFileType = file.xib; path = TacoCell.xib; sourceTree = "<group>"; };
		CA69DBD41EEAABDE007A3B5A /* ReusableView.swift */ = {isa = PBXFileReference; fileEncoding = 4; lastKnownFileType = sourcecode.swift; path = ReusableView.swift; sourceTree = "<group>"; };
		CA69DBD61EEAAC87007A3B5A /* NibLoadableView.swift */ = {isa = PBXFileReference; fileEncoding = 4; lastKnownFileType = sourcecode.swift; path = NibLoadableView.swift; sourceTree = "<group>"; };
		CA69DBD81EEAACF3007A3B5A /* UICollectionViewPlusExt.swift */ = {isa = PBXFileReference; fileEncoding = 4; lastKnownFileType = sourcecode.swift; path = UICollectionViewPlusExt.swift; sourceTree = "<group>"; };
/* End PBXFileReference section */

/* Begin PBXFrameworksBuildPhase section */
		CA69DB981EE99251007A3B5A /* Frameworks */ = {
			isa = PBXFrameworksBuildPhase;
			buildActionMask = 2147483647;
			files = (
			);
			runOnlyForDeploymentPostprocessing = 0;
		};
		CA69DBAC1EE99251007A3B5A /* Frameworks */ = {
			isa = PBXFrameworksBuildPhase;
			buildActionMask = 2147483647;
			files = (
			);
			runOnlyForDeploymentPostprocessing = 0;
		};
/* End PBXFrameworksBuildPhase section */

/* Begin PBXGroup section */
		CA69DB921EE99251007A3B5A = {
			isa = PBXGroup;
			children = (
				CA69DB9D1EE99251007A3B5A /* TacoPOP */,
				CA69DBB21EE99251007A3B5A /* TacoPOPTests */,
				CA69DB9C1EE99251007A3B5A /* Products */,
			);
			sourceTree = "<group>";
		};
		CA69DB9C1EE99251007A3B5A /* Products */ = {
			isa = PBXGroup;
			children = (
				CA69DB9B1EE99251007A3B5A /* TacoPOP.app */,
				CA69DBAF1EE99251007A3B5A /* TacoPOPTests.xctest */,
			);
			name = Products;
			sourceTree = "<group>";
		};
		CA69DB9D1EE99251007A3B5A /* TacoPOP */ = {
			isa = PBXGroup;
			children = (
				CA69DBC01EE9927D007A3B5A /* Model */,
				CA69DBBF1EE99278007A3B5A /* View */,
				CA69DBBE1EE99260007A3B5A /* Controller */,
				CA69DBC11EE99281007A3B5A /* Resources */,
				CA69DBC21EE9928B007A3B5A /* Protocols */,
				CA69DBC31EE99292007A3B5A /* Extensions */,
			);
			path = TacoPOP;
			sourceTree = "<group>";
		};
		CA69DBB21EE99251007A3B5A /* TacoPOPTests */ = {
			isa = PBXGroup;
			children = (
				CA69DBB31EE99251007A3B5A /* TacoPOPTests.swift */,
				CA69DBB51EE99251007A3B5A /* Info.plist */,
			);
			path = TacoPOPTests;
			sourceTree = "<group>";
		};
		CA69DBBE1EE99260007A3B5A /* Controller */ = {
			isa = PBXGroup;
			children = (
				CA69DB9E1EE99251007A3B5A /* AppDelegate.swift */,
				CA69DBC41EE99316007A3B5A /* MainVC.swift */,
			);
			name = Controller;
			sourceTree = "<group>";
		};
		CA69DBBF1EE99278007A3B5A /* View */ = {
			isa = PBXGroup;
			children = (
				CA69DBA21EE99251007A3B5A /* Main.storyboard */,
				CA69DBA71EE99251007A3B5A /* LaunchScreen.storyboard */,
				CA69DBCA1EE995E2007A3B5A /* HeaderView.swift */,
				CA69DBD01EEAA5F1007A3B5A /* TacoCell.swift */,
				CA69DBD11EEAA5F1007A3B5A /* TacoCell.xib */,
			);
			name = View;
			sourceTree = "<group>";
		};
		CA69DBC01EE9927D007A3B5A /* Model */ = {
			isa = PBXGroup;
			children = (
				CA69DBCC1EE9979F007A3B5A /* Taco.swift */,
				CA69DBCE1EEAA2C3007A3B5A /* DataService.swift */,
			);
			name = Model;
			sourceTree = "<group>";
		};
		CA69DBC11EE99281007A3B5A /* Resources */ = {
			isa = PBXGroup;
			children = (
				CA69DBA51EE99251007A3B5A /* Assets.xcassets */,
				CA69DBAA1EE99251007A3B5A /* Info.plist */,
				CA69DBC61EE993D1007A3B5A /* TacoPOPData.csv */,
			);
			name = Resources;
			sourceTree = "<group>";
		};
		CA69DBC21EE9928B007A3B5A /* Protocols */ = {
			isa = PBXGroup;
			children = (
				CA69DBC81EE994E4007A3B5A /* DropShadow.swift */,
				CA69DBD41EEAABDE007A3B5A /* ReusableView.swift */,
				CA69DBD61EEAAC87007A3B5A /* NibLoadableView.swift */,
			);
			name = Protocols;
			sourceTree = "<group>";
		};
		CA69DBC31EE99292007A3B5A /* Extensions */ = {
			isa = PBXGroup;
			children = (
				CA69DBD81EEAACF3007A3B5A /* UICollectionViewPlusExt.swift */,
			);
			name = Extensions;
			sourceTree = "<group>";
		};
/* End PBXGroup section */

/* Begin PBXNativeTarget section */
		CA69DB9A1EE99251007A3B5A /* TacoPOP */ = {
			isa = PBXNativeTarget;
			buildConfigurationList = CA69DBB81EE99251007A3B5A /* Build configuration list for PBXNativeTarget "TacoPOP" */;
			buildPhases = (
				CA69DB971EE99251007A3B5A /* Sources */,
				CA69DB981EE99251007A3B5A /* Frameworks */,
				CA69DB991EE99251007A3B5A /* Resources */,
			);
			buildRules = (
			);
			dependencies = (
			);
			name = TacoPOP;
			productName = TacoPOP;
			productReference = CA69DB9B1EE99251007A3B5A /* TacoPOP.app */;
			productType = "com.apple.product-type.application";
		};
		CA69DBAE1EE99251007A3B5A /* TacoPOPTests */ = {
			isa = PBXNativeTarget;
			buildConfigurationList = CA69DBBB1EE99251007A3B5A /* Build configuration list for PBXNativeTarget "TacoPOPTests" */;
			buildPhases = (
				CA69DBAB1EE99251007A3B5A /* Sources */,
				CA69DBAC1EE99251007A3B5A /* Frameworks */,
				CA69DBAD1EE99251007A3B5A /* Resources */,
			);
			buildRules = (
			);
			dependencies = (
				CA69DBB11EE99251007A3B5A /* PBXTargetDependency */,
			);
			name = TacoPOPTests;
			productName = TacoPOPTests;
			productReference = CA69DBAF1EE99251007A3B5A /* TacoPOPTests.xctest */;
			productType = "com.apple.product-type.bundle.unit-test";
		};
/* End PBXNativeTarget section */

/* Begin PBXProject section */
		CA69DB931EE99251007A3B5A /* Project object */ = {
			isa = PBXProject;
			attributes = {
				LastSwiftUpdateCheck = 0830;
				LastUpgradeCheck = 0830;
				ORGANIZATIONNAME = "JMLeaux LLC";
				TargetAttributes = {
					CA69DB9A1EE99251007A3B5A = {
						CreatedOnToolsVersion = 8.3.3;
						DevelopmentTeam = 2P82N6PF63;
						ProvisioningStyle = Automatic;
					};
					CA69DBAE1EE99251007A3B5A = {
						CreatedOnToolsVersion = 8.3.3;
						DevelopmentTeam = 2P82N6PF63;
						ProvisioningStyle = Automatic;
						TestTargetID = CA69DB9A1EE99251007A3B5A;
					};
				};
			};
			buildConfigurationList = CA69DB961EE99251007A3B5A /* Build configuration list for PBXProject "TacoPOP" */;
			compatibilityVersion = "Xcode 3.2";
			developmentRegion = English;
			hasScannedForEncodings = 0;
			knownRegions = (
				en,
				Base,
			);
			mainGroup = CA69DB921EE99251007A3B5A;
			productRefGroup = CA69DB9C1EE99251007A3B5A /* Products */;
			projectDirPath = "";
			projectRoot = "";
			targets = (
				CA69DB9A1EE99251007A3B5A /* TacoPOP */,
				CA69DBAE1EE99251007A3B5A /* TacoPOPTests */,
			);
		};
/* End PBXProject section */

/* Begin PBXResourcesBuildPhase section */
		CA69DB991EE99251007A3B5A /* Resources */ = {
			isa = PBXResourcesBuildPhase;
			buildActionMask = 2147483647;
			files = (
				CA69DBA91EE99251007A3B5A /* LaunchScreen.storyboard in Resources */,
				CA69DBC71EE993D1007A3B5A /* TacoPOPData.csv in Resources */,
				CA69DBA61EE99251007A3B5A /* Assets.xcassets in Resources */,
				CA69DBA41EE99251007A3B5A /* Main.storyboard in Resources */,
				CA69DBD31EEAA5F1007A3B5A /* TacoCell.xib in Resources */,
			);
			runOnlyForDeploymentPostprocessing = 0;
		};
		CA69DBAD1EE99251007A3B5A /* Resources */ = {
			isa = PBXResourcesBuildPhase;
			buildActionMask = 2147483647;
			files = (
			);
			runOnlyForDeploymentPostprocessing = 0;
		};
/* End PBXResourcesBuildPhase section */

/* Begin PBXSourcesBuildPhase section */
		CA69DB971EE99251007A3B5A /* Sources */ = {
			isa = PBXSourcesBuildPhase;
			buildActionMask = 2147483647;
			files = (
				CA69DBD21EEAA5F1007A3B5A /* TacoCell.swift in Sources */,
				CA69DB9F1EE99251007A3B5A /* AppDelegate.swift in Sources */,
				CA69DBD91EEAACF3007A3B5A /* UICollectionViewPlusExt.swift in Sources */,
				CA69DBC91EE994E4007A3B5A /* DropShadow.swift in Sources */,
				CA69DBD71EEAAC87007A3B5A /* NibLoadableView.swift in Sources */,
				CA69DBD51EEAABDE007A3B5A /* ReusableView.swift in Sources */,
				CA69DBC51EE99316007A3B5A /* MainVC.swift in Sources */,
				CA69DBCF1EEAA2C3007A3B5A /* DataService.swift in Sources */,
				CA69DBCD1EE9979F007A3B5A /* Taco.swift in Sources */,
				CA69DBCB1EE995E2007A3B5A /* HeaderView.swift in Sources */,
			);
			runOnlyForDeploymentPostprocessing = 0;
		};
		CA69DBAB1EE99251007A3B5A /* Sources */ = {
			isa = PBXSourcesBuildPhase;
			buildActionMask = 2147483647;
			files = (
				CA69DBB41EE99251007A3B5A /* TacoPOPTests.swift in Sources */,
			);
			runOnlyForDeploymentPostprocessing = 0;
		};
/* End PBXSourcesBuildPhase section */

/* Begin PBXTargetDependency section */
		CA69DBB11EE99251007A3B5A /* PBXTargetDependency */ = {
			isa = PBXTargetDependency;
			target = CA69DB9A1EE99251007A3B5A /* TacoPOP */;
			targetProxy = CA69DBB01EE99251007A3B5A /* PBXContainerItemProxy */;
		};
/* End PBXTargetDependency section */

/* Begin PBXVariantGroup section */
		CA69DBA21EE99251007A3B5A /* Main.storyboard */ = {
			isa = PBXVariantGroup;
			children = (
				CA69DBA31EE99251007A3B5A /* Base */,
			);
			name = Main.storyboard;
			sourceTree = "<group>";
		};
		CA69DBA71EE99251007A3B5A /* LaunchScreen.storyboard */ = {
			isa = PBXVariantGroup;
			children = (
				CA69DBA81EE99251007A3B5A /* Base */,
			);
			name = LaunchScreen.storyboard;
			sourceTree = "<group>";
		};
/* End PBXVariantGroup section */

/* Begin XCBuildConfiguration section */
		CA69DBB61EE99251007A3B5A /* Debug */ = {
			isa = XCBuildConfiguration;
			buildSettings = {
				ALWAYS_SEARCH_USER_PATHS = NO;
				CLANG_ANALYZER_NONNULL = YES;
				CLANG_ANALYZER_NUMBER_OBJECT_CONVERSION = YES_AGGRESSIVE;
				CLANG_CXX_LANGUAGE_STANDARD = "gnu++0x";
				CLANG_CXX_LIBRARY = "libc++";
				CLANG_ENABLE_MODULES = YES;
				CLANG_ENABLE_OBJC_ARC = YES;
				CLANG_WARN_BOOL_CONVERSION = YES;
				CLANG_WARN_CONSTANT_CONVERSION = YES;
				CLANG_WARN_DIRECT_OBJC_ISA_USAGE = YES_ERROR;
				CLANG_WARN_DOCUMENTATION_COMMENTS = YES;
				CLANG_WARN_EMPTY_BODY = YES;
				CLANG_WARN_ENUM_CONVERSION = YES;
				CLANG_WARN_INFINITE_RECURSION = YES;
				CLANG_WARN_INT_CONVERSION = YES;
				CLANG_WARN_OBJC_ROOT_CLASS = YES_ERROR;
				CLANG_WARN_SUSPICIOUS_MOVE = YES;
				CLANG_WARN_UNREACHABLE_CODE = YES;
				CLANG_WARN__DUPLICATE_METHOD_MATCH = YES;
				"CODE_SIGN_IDENTITY[sdk=iphoneos*]" = "iPhone Developer";
				COPY_PHASE_STRIP = NO;
				DEBUG_INFORMATION_FORMAT = dwarf;
				ENABLE_STRICT_OBJC_MSGSEND = YES;
				ENABLE_TESTABILITY = YES;
				GCC_C_LANGUAGE_STANDARD = gnu99;
				GCC_DYNAMIC_NO_PIC = NO;
				GCC_NO_COMMON_BLOCKS = YES;
				GCC_OPTIMIZATION_LEVEL = 0;
				GCC_PREPROCESSOR_DEFINITIONS = (
					"DEBUG=1",
					"$(inherited)",
				);
				GCC_WARN_64_TO_32_BIT_CONVERSION = YES;
				GCC_WARN_ABOUT_RETURN_TYPE = YES_ERROR;
				GCC_WARN_UNDECLARED_SELECTOR = YES;
				GCC_WARN_UNINITIALIZED_AUTOS = YES_AGGRESSIVE;
				GCC_WARN_UNUSED_FUNCTION = YES;
				GCC_WARN_UNUSED_VARIABLE = YES;
				IPHONEOS_DEPLOYMENT_TARGET = 10.3;
				MTL_ENABLE_DEBUG_INFO = YES;
				ONLY_ACTIVE_ARCH = YES;
				SDKROOT = iphoneos;
				SWIFT_ACTIVE_COMPILATION_CONDITIONS = DEBUG;
				SWIFT_OPTIMIZATION_LEVEL = "-Onone";
				TARGETED_DEVICE_FAMILY = "1,2";
			};
			name = Debug;
		};
		CA69DBB71EE99251007A3B5A /* Release */ = {
			isa = XCBuildConfiguration;
			buildSettings = {
				ALWAYS_SEARCH_USER_PATHS = NO;
				CLANG_ANALYZER_NONNULL = YES;
				CLANG_ANALYZER_NUMBER_OBJECT_CONVERSION = YES_AGGRESSIVE;
				CLANG_CXX_LANGUAGE_STANDARD = "gnu++0x";
				CLANG_CXX_LIBRARY = "libc++";
				CLANG_ENABLE_MODULES = YES;
				CLANG_ENABLE_OBJC_ARC = YES;
				CLANG_WARN_BOOL_CONVERSION = YES;
				CLANG_WARN_CONSTANT_CONVERSION = YES;
				CLANG_WARN_DIRECT_OBJC_ISA_USAGE = YES_ERROR;
				CLANG_WARN_DOCUMENTATION_COMMENTS = YES;
				CLANG_WARN_EMPTY_BODY = YES;
				CLANG_WARN_ENUM_CONVERSION = YES;
				CLANG_WARN_INFINITE_RECURSION = YES;
				CLANG_WARN_INT_CONVERSION = YES;
				CLANG_WARN_OBJC_ROOT_CLASS = YES_ERROR;
				CLANG_WARN_SUSPICIOUS_MOVE = YES;
				CLANG_WARN_UNREACHABLE_CODE = YES;
				CLANG_WARN__DUPLICATE_METHOD_MATCH = YES;
				"CODE_SIGN_IDENTITY[sdk=iphoneos*]" = "iPhone Developer";
				COPY_PHASE_STRIP = NO;
				DEBUG_INFORMATION_FORMAT = "dwarf-with-dsym";
				ENABLE_NS_ASSERTIONS = NO;
				ENABLE_STRICT_OBJC_MSGSEND = YES;
				GCC_C_LANGUAGE_STANDARD = gnu99;
				GCC_NO_COMMON_BLOCKS = YES;
				GCC_WARN_64_TO_32_BIT_CONVERSION = YES;
				GCC_WARN_ABOUT_RETURN_TYPE = YES_ERROR;
				GCC_WARN_UNDECLARED_SELECTOR = YES;
				GCC_WARN_UNINITIALIZED_AUTOS = YES_AGGRESSIVE;
				GCC_WARN_UNUSED_FUNCTION = YES;
				GCC_WARN_UNUSED_VARIABLE = YES;
				IPHONEOS_DEPLOYMENT_TARGET = 10.3;
				MTL_ENABLE_DEBUG_INFO = NO;
				SDKROOT = iphoneos;
				SWIFT_OPTIMIZATION_LEVEL = "-Owholemodule";
				TARGETED_DEVICE_FAMILY = "1,2";
				VALIDATE_PRODUCT = YES;
			};
			name = Release;
		};
		CA69DBB91EE99251007A3B5A /* Debug */ = {
			isa = XCBuildConfiguration;
			buildSettings = {
				ASSETCATALOG_COMPILER_APPICON_NAME = AppIcon;
				DEVELOPMENT_TEAM = 2P82N6PF63;
				INFOPLIST_FILE = TacoPOP/Info.plist;
				LD_RUNPATH_SEARCH_PATHS = "$(inherited) @executable_path/Frameworks";
				PRODUCT_BUNDLE_IDENTIFIER = net.jmlowe.TacoPOP;
				PRODUCT_NAME = "$(TARGET_NAME)";
				SWIFT_VERSION = 3.0;
			};
			name = Debug;
		};
		CA69DBBA1EE99251007A3B5A /* Release */ = {
			isa = XCBuildConfiguration;
			buildSettings = {
				ASSETCATALOG_COMPILER_APPICON_NAME = AppIcon;
				DEVELOPMENT_TEAM = 2P82N6PF63;
				INFOPLIST_FILE = TacoPOP/Info.plist;
				LD_RUNPATH_SEARCH_PATHS = "$(inherited) @executable_path/Frameworks";
				PRODUCT_BUNDLE_IDENTIFIER = net.jmlowe.TacoPOP;
				PRODUCT_NAME = "$(TARGET_NAME)";
				SWIFT_VERSION = 3.0;
			};
			name = Release;
		};
		CA69DBBC1EE99251007A3B5A /* Debug */ = {
			isa = XCBuildConfiguration;
			buildSettings = {
				ALWAYS_EMBED_SWIFT_STANDARD_LIBRARIES = YES;
				BUNDLE_LOADER = "$(TEST_HOST)";
				DEVELOPMENT_TEAM = 2P82N6PF63;
				INFOPLIST_FILE = TacoPOPTests/Info.plist;
				LD_RUNPATH_SEARCH_PATHS = "$(inherited) @executable_path/Frameworks @loader_path/Frameworks";
				PRODUCT_BUNDLE_IDENTIFIER = net.jmlowe.TacoPOPTests;
				PRODUCT_NAME = "$(TARGET_NAME)";
				SWIFT_VERSION = 3.0;
				TEST_HOST = "$(BUILT_PRODUCTS_DIR)/TacoPOP.app/TacoPOP";
			};
			name = Debug;
		};
		CA69DBBD1EE99251007A3B5A /* Release */ = {
			isa = XCBuildConfiguration;
			buildSettings = {
				ALWAYS_EMBED_SWIFT_STANDARD_LIBRARIES = YES;
				BUNDLE_LOADER = "$(TEST_HOST)";
				DEVELOPMENT_TEAM = 2P82N6PF63;
				INFOPLIST_FILE = TacoPOPTests/Info.plist;
				LD_RUNPATH_SEARCH_PATHS = "$(inherited) @executable_path/Frameworks @loader_path/Frameworks";
				PRODUCT_BUNDLE_IDENTIFIER = net.jmlowe.TacoPOPTests;
				PRODUCT_NAME = "$(TARGET_NAME)";
				SWIFT_VERSION = 3.0;
				TEST_HOST = "$(BUILT_PRODUCTS_DIR)/TacoPOP.app/TacoPOP";
			};
			name = Release;
		};
/* End XCBuildConfiguration section */

/* Begin XCConfigurationList section */
		CA69DB961EE99251007A3B5A /* Build configuration list for PBXProject "TacoPOP" */ = {
			isa = XCConfigurationList;
			buildConfigurations = (
				CA69DBB61EE99251007A3B5A /* Debug */,
				CA69DBB71EE99251007A3B5A /* Release */,
			);
			defaultConfigurationIsVisible = 0;
			defaultConfigurationName = Release;
		};
		CA69DBB81EE99251007A3B5A /* Build configuration list for PBXNativeTarget "TacoPOP" */ = {
			isa = XCConfigurationList;
			buildConfigurations = (
				CA69DBB91EE99251007A3B5A /* Debug */,
				CA69DBBA1EE99251007A3B5A /* Release */,
			);
			defaultConfigurationIsVisible = 0;
		};
		CA69DBBB1EE99251007A3B5A /* Build configuration list for PBXNativeTarget "TacoPOPTests" */ = {
			isa = XCConfigurationList;
			buildConfigurations = (
				CA69DBBC1EE99251007A3B5A /* Debug */,
				CA69DBBD1EE99251007A3B5A /* Release */,
			);
			defaultConfigurationIsVisible = 0;
		};
/* End XCConfigurationList section */
	};
	rootObject = CA69DB931EE99251007A3B5A /* Project object */;
}
